// !$*UTF8*$!
{
	archiveVersion = 1;
	classes = {
	};
	objectVersion = 46;
	objects = {

/* Begin PBXBuildFile section */
		C7371F3B18A1DFEE007FB490 /* Foundation.framework in Frameworks */ = {isa = PBXBuildFile; fileRef = C7371F3A18A1DFEE007FB490 /* Foundation.framework */; };
		C7371F3D18A1DFEE007FB490 /* CoreGraphics.framework in Frameworks */ = {isa = PBXBuildFile; fileRef = C7371F3C18A1DFEE007FB490 /* CoreGraphics.framework */; };
		C7371F3F18A1DFEE007FB490 /* UIKit.framework in Frameworks */ = {isa = PBXBuildFile; fileRef = C7371F3E18A1DFEE007FB490 /* UIKit.framework */; };
		C7371F4518A1DFEE007FB490 /* InfoPlist.strings in Resources */ = {isa = PBXBuildFile; fileRef = C7371F4318A1DFEE007FB490 /* InfoPlist.strings */; };
		C7371F4718A1DFEE007FB490 /* main.m in Sources */ = {isa = PBXBuildFile; fileRef = C7371F4618A1DFEE007FB490 /* main.m */; };
		C7371F4B18A1DFEE007FB490 /* AppDelegate.m in Sources */ = {isa = PBXBuildFile; fileRef = C7371F4A18A1DFEE007FB490 /* AppDelegate.m */; };
		C7371F4E18A1DFEE007FB490 /* Main.storyboard in Resources */ = {isa = PBXBuildFile; fileRef = C7371F4C18A1DFEE007FB490 /* Main.storyboard */; };
		C7371F5118A1DFEE007FB490 /* ViewController.m in Sources */ = {isa = PBXBuildFile; fileRef = C7371F5018A1DFEE007FB490 /* ViewController.m */; };
		C7371F5318A1DFEE007FB490 /* Images.xcassets in Resources */ = {isa = PBXBuildFile; fileRef = C7371F5218A1DFEE007FB490 /* Images.xcassets */; };
		C7371F5A18A1DFEE007FB490 /* XCTest.framework in Frameworks */ = {isa = PBXBuildFile; fileRef = C7371F5918A1DFEE007FB490 /* XCTest.framework */; };
		C7371F5B18A1DFEE007FB490 /* Foundation.framework in Frameworks */ = {isa = PBXBuildFile; fileRef = C7371F3A18A1DFEE007FB490 /* Foundation.framework */; };
		C7371F5C18A1DFEE007FB490 /* UIKit.framework in Frameworks */ = {isa = PBXBuildFile; fileRef = C7371F3E18A1DFEE007FB490 /* UIKit.framework */; };
		C7371F6418A1DFEE007FB490 /* InfoPlist.strings in Resources */ = {isa = PBXBuildFile; fileRef = C7371F6218A1DFEE007FB490 /* InfoPlist.strings */; };
		C7371F6618A1DFEE007FB490 /* YapZapTests.m in Sources */ = {isa = PBXBuildFile; fileRef = C7371F6518A1DFEE007FB490 /* YapZapTests.m */; };
		C7371F7318A1E316007FB490 /* MainBackgroundView.m in Sources */ = {isa = PBXBuildFile; fileRef = C7371F7218A1E316007FB490 /* MainBackgroundView.m */; };
		C75D50CB18A1F3FB00E3D878 /* Mock.png in Resources */ = {isa = PBXBuildFile; fileRef = C75D50CA18A1F3FB00E3D878 /* Mock.png */; };
		C79EF6DB18A6591100AA1BDE /* TagTableViewController.m in Sources */ = {isa = PBXBuildFile; fileRef = C79EF6D918A6591100AA1BDE /* TagTableViewController.m */; };
		C79EF6DC18A6591100AA1BDE /* TagTableViewController.xib in Resources */ = {isa = PBXBuildFile; fileRef = C79EF6DA18A6591100AA1BDE /* TagTableViewController.xib */; };
		C79EF6DE18A65DE300AA1BDE /* pup.jpg in Resources */ = {isa = PBXBuildFile; fileRef = C79EF6DD18A65DE300AA1BDE /* pup.jpg */; };
		C79EF6E018A65E5B00AA1BDE /* TagTableViewCell.xib in Resources */ = {isa = PBXBuildFile; fileRef = C79EF6DF18A65E5B00AA1BDE /* TagTableViewCell.xib */; };
		C79EF6E318A65F0700AA1BDE /* TagTableViewCell.m in Sources */ = {isa = PBXBuildFile; fileRef = C79EF6E218A65F0700AA1BDE /* TagTableViewCell.m */; };
		C79EF6ED18A6648B00AA1BDE /* back_icon.png in Resources */ = {isa = PBXBuildFile; fileRef = C79EF6E418A6648B00AA1BDE /* back_icon.png */; };
		C79EF6EE18A6648B00AA1BDE /* background.png in Resources */ = {isa = PBXBuildFile; fileRef = C79EF6E518A6648B00AA1BDE /* background.png */; };
		C79EF6EF18A6648B00AA1BDE /* circle_icon.png in Resources */ = {isa = PBXBuildFile; fileRef = C79EF6E618A6648B00AA1BDE /* circle_icon.png */; };
		C79EF6F018A6648B00AA1BDE /* help_icon.png in Resources */ = {isa = PBXBuildFile; fileRef = C79EF6E718A6648B00AA1BDE /* help_icon.png */; };
		C79EF6F118A6648B00AA1BDE /* play_icon.png in Resources */ = {isa = PBXBuildFile; fileRef = C79EF6E818A6648B00AA1BDE /* play_icon.png */; };
		C79EF6F218A6648B00AA1BDE /* sample_waveform.png in Resources */ = {isa = PBXBuildFile; fileRef = C79EF6E918A6648B00AA1BDE /* sample_waveform.png */; };
		C79EF6F318A6648B00AA1BDE /* search_icon.png in Resources */ = {isa = PBXBuildFile; fileRef = C79EF6EA18A6648B00AA1BDE /* search_icon.png */; };
		C79EF6F418A6648B00AA1BDE /* sharing_icon.png in Resources */ = {isa = PBXBuildFile; fileRef = C79EF6EB18A6648B00AA1BDE /* sharing_icon.png */; };
		C79EF6F518A6648B00AA1BDE /* smile_icon.png in Resources */ = {isa = PBXBuildFile; fileRef = C79EF6EC18A6648B00AA1BDE /* smile_icon.png */; };
		C79EF6F718A66D8B00AA1BDE /* QuartzCore.framework in Frameworks */ = {isa = PBXBuildFile; fileRef = C79EF6F618A66D8B00AA1BDE /* QuartzCore.framework */; };
		C79EF6FB18A66DCF00AA1BDE /* MarqueeLabel.m in Sources */ = {isa = PBXBuildFile; fileRef = C79EF6FA18A66DCF00AA1BDE /* MarqueeLabel.m */; };
		C79EF6FE18A67D2400AA1BDE /* FilteredImageView.m in Sources */ = {isa = PBXBuildFile; fileRef = C79EF6FD18A67D2400AA1BDE /* FilteredImageView.m */; };
		C7CF286C18A1E4790053DB9C /* Button.m in Sources */ = {isa = PBXBuildFile; fileRef = C7CF286B18A1E4790053DB9C /* Button.m */; };
		C7CF287118A1E5ED0053DB9C /* EpisodeViewController.m in Sources */ = {isa = PBXBuildFile; fileRef = C7CF286F18A1E5ED0053DB9C /* EpisodeViewController.m */; };
		C7CF287218A1E5ED0053DB9C /* EpisodeViewController.xib in Resources */ = {isa = PBXBuildFile; fileRef = C7CF287018A1E5ED0053DB9C /* EpisodeViewController.xib */; };
		C7CF287518A1E73A0053DB9C /* HomePageViewController.m in Sources */ = {isa = PBXBuildFile; fileRef = C7CF287418A1E73A0053DB9C /* HomePageViewController.m */; };
		C7CF287C18A1F3400053DB9C /* PageExample.png in Resources */ = {isa = PBXBuildFile; fileRef = C7CF287B18A1F3400053DB9C /* PageExample.png */; };
/* End PBXBuildFile section */

/* Begin PBXContainerItemProxy section */
		C7371F5D18A1DFEE007FB490 /* PBXContainerItemProxy */ = {
			isa = PBXContainerItemProxy;
			containerPortal = C7371F2F18A1DFEE007FB490 /* Project object */;
			proxyType = 1;
			remoteGlobalIDString = C7371F3618A1DFEE007FB490;
			remoteInfo = YapZap;
		};
/* End PBXContainerItemProxy section */

/* Begin PBXFileReference section */
		C7371F3718A1DFEE007FB490 /* YapZap.app */ = {isa = PBXFileReference; explicitFileType = wrapper.application; includeInIndex = 0; path = YapZap.app; sourceTree = BUILT_PRODUCTS_DIR; };
		C7371F3A18A1DFEE007FB490 /* Foundation.framework */ = {isa = PBXFileReference; lastKnownFileType = wrapper.framework; name = Foundation.framework; path = System/Library/Frameworks/Foundation.framework; sourceTree = SDKROOT; };
		C7371F3C18A1DFEE007FB490 /* CoreGraphics.framework */ = {isa = PBXFileReference; lastKnownFileType = wrapper.framework; name = CoreGraphics.framework; path = System/Library/Frameworks/CoreGraphics.framework; sourceTree = SDKROOT; };
		C7371F3E18A1DFEE007FB490 /* UIKit.framework */ = {isa = PBXFileReference; lastKnownFileType = wrapper.framework; name = UIKit.framework; path = System/Library/Frameworks/UIKit.framework; sourceTree = SDKROOT; };
		C7371F4218A1DFEE007FB490 /* YapZap-Info.plist */ = {isa = PBXFileReference; lastKnownFileType = text.plist.xml; path = "YapZap-Info.plist"; sourceTree = "<group>"; };
		C7371F4418A1DFEE007FB490 /* en */ = {isa = PBXFileReference; lastKnownFileType = text.plist.strings; name = en; path = en.lproj/InfoPlist.strings; sourceTree = "<group>"; };
		C7371F4618A1DFEE007FB490 /* main.m */ = {isa = PBXFileReference; lastKnownFileType = sourcecode.c.objc; path = main.m; sourceTree = "<group>"; };
		C7371F4818A1DFEE007FB490 /* YapZap-Prefix.pch */ = {isa = PBXFileReference; lastKnownFileType = sourcecode.c.h; path = "YapZap-Prefix.pch"; sourceTree = "<group>"; };
		C7371F4918A1DFEE007FB490 /* AppDelegate.h */ = {isa = PBXFileReference; lastKnownFileType = sourcecode.c.h; path = AppDelegate.h; sourceTree = "<group>"; };
		C7371F4A18A1DFEE007FB490 /* AppDelegate.m */ = {isa = PBXFileReference; lastKnownFileType = sourcecode.c.objc; path = AppDelegate.m; sourceTree = "<group>"; };
		C7371F4D18A1DFEE007FB490 /* Base */ = {isa = PBXFileReference; lastKnownFileType = file.storyboard; name = Base; path = Base.lproj/Main.storyboard; sourceTree = "<group>"; };
		C7371F4F18A1DFEE007FB490 /* ViewController.h */ = {isa = PBXFileReference; lastKnownFileType = sourcecode.c.h; path = ViewController.h; sourceTree = "<group>"; };
		C7371F5018A1DFEE007FB490 /* ViewController.m */ = {isa = PBXFileReference; lastKnownFileType = sourcecode.c.objc; path = ViewController.m; sourceTree = "<group>"; };
		C7371F5218A1DFEE007FB490 /* Images.xcassets */ = {isa = PBXFileReference; lastKnownFileType = folder.assetcatalog; path = Images.xcassets; sourceTree = "<group>"; };
		C7371F5818A1DFEE007FB490 /* YapZapTests.xctest */ = {isa = PBXFileReference; explicitFileType = wrapper.cfbundle; includeInIndex = 0; path = YapZapTests.xctest; sourceTree = BUILT_PRODUCTS_DIR; };
		C7371F5918A1DFEE007FB490 /* XCTest.framework */ = {isa = PBXFileReference; lastKnownFileType = wrapper.framework; name = XCTest.framework; path = Library/Frameworks/XCTest.framework; sourceTree = DEVELOPER_DIR; };
		C7371F6118A1DFEE007FB490 /* YapZapTests-Info.plist */ = {isa = PBXFileReference; lastKnownFileType = text.plist.xml; path = "YapZapTests-Info.plist"; sourceTree = "<group>"; };
		C7371F6318A1DFEE007FB490 /* en */ = {isa = PBXFileReference; lastKnownFileType = text.plist.strings; name = en; path = en.lproj/InfoPlist.strings; sourceTree = "<group>"; };
		C7371F6518A1DFEE007FB490 /* YapZapTests.m */ = {isa = PBXFileReference; lastKnownFileType = sourcecode.c.objc; path = YapZapTests.m; sourceTree = "<group>"; };
		C7371F7118A1E316007FB490 /* MainBackgroundView.h */ = {isa = PBXFileReference; fileEncoding = 4; lastKnownFileType = sourcecode.c.h; name = MainBackgroundView.h; path = UserInterface/MainBackgroundView.h; sourceTree = "<group>"; };
		C7371F7218A1E316007FB490 /* MainBackgroundView.m */ = {isa = PBXFileReference; fileEncoding = 4; lastKnownFileType = sourcecode.c.objc; name = MainBackgroundView.m; path = UserInterface/MainBackgroundView.m; sourceTree = "<group>"; };
		C75D50CA18A1F3FB00E3D878 /* Mock.png */ = {isa = PBXFileReference; lastKnownFileType = image.png; path = Mock.png; sourceTree = "<group>"; };
		C79EF6D818A6591100AA1BDE /* TagTableViewController.h */ = {isa = PBXFileReference; fileEncoding = 4; lastKnownFileType = sourcecode.c.h; name = TagTableViewController.h; path = UserInterface/TagTableViewController.h; sourceTree = "<group>"; };
		C79EF6D918A6591100AA1BDE /* TagTableViewController.m */ = {isa = PBXFileReference; fileEncoding = 4; lastKnownFileType = sourcecode.c.objc; name = TagTableViewController.m; path = UserInterface/TagTableViewController.m; sourceTree = "<group>"; };
		C79EF6DA18A6591100AA1BDE /* TagTableViewController.xib */ = {isa = PBXFileReference; fileEncoding = 4; lastKnownFileType = file.xib; name = TagTableViewController.xib; path = UserInterface/TagTableViewController.xib; sourceTree = "<group>"; };
		C79EF6DD18A65DE300AA1BDE /* pup.jpg */ = {isa = PBXFileReference; lastKnownFileType = image.jpeg; path = pup.jpg; sourceTree = "<group>"; };
		C79EF6DF18A65E5B00AA1BDE /* TagTableViewCell.xib */ = {isa = PBXFileReference; fileEncoding = 4; lastKnownFileType = file.xib; name = TagTableViewCell.xib; path = UserInterface/TagTableViewCell.xib; sourceTree = "<group>"; };
		C79EF6E118A65F0700AA1BDE /* TagTableViewCell.h */ = {isa = PBXFileReference; fileEncoding = 4; lastKnownFileType = sourcecode.c.h; name = TagTableViewCell.h; path = UserInterface/TagTableViewCell.h; sourceTree = "<group>"; };
		C79EF6E218A65F0700AA1BDE /* TagTableViewCell.m */ = {isa = PBXFileReference; fileEncoding = 4; lastKnownFileType = sourcecode.c.objc; name = TagTableViewCell.m; path = UserInterface/TagTableViewCell.m; sourceTree = "<group>"; };
		C79EF6E418A6648B00AA1BDE /* back_icon.png */ = {isa = PBXFileReference; lastKnownFileType = image.png; path = back_icon.png; sourceTree = "<group>"; };
		C79EF6E518A6648B00AA1BDE /* background.png */ = {isa = PBXFileReference; lastKnownFileType = image.png; path = background.png; sourceTree = "<group>"; };
		C79EF6E618A6648B00AA1BDE /* circle_icon.png */ = {isa = PBXFileReference; lastKnownFileType = image.png; path = circle_icon.png; sourceTree = "<group>"; };
		C79EF6E718A6648B00AA1BDE /* help_icon.png */ = {isa = PBXFileReference; lastKnownFileType = image.png; path = help_icon.png; sourceTree = "<group>"; };
		C79EF6E818A6648B00AA1BDE /* play_icon.png */ = {isa = PBXFileReference; lastKnownFileType = image.png; path = play_icon.png; sourceTree = "<group>"; };
		C79EF6E918A6648B00AA1BDE /* sample_waveform.png */ = {isa = PBXFileReference; lastKnownFileType = image.png; path = sample_waveform.png; sourceTree = "<group>"; };
		C79EF6EA18A6648B00AA1BDE /* search_icon.png */ = {isa = PBXFileReference; lastKnownFileType = image.png; path = search_icon.png; sourceTree = "<group>"; };
		C79EF6EB18A6648B00AA1BDE /* sharing_icon.png */ = {isa = PBXFileReference; lastKnownFileType = image.png; path = sharing_icon.png; sourceTree = "<group>"; };
		C79EF6EC18A6648B00AA1BDE /* smile_icon.png */ = {isa = PBXFileReference; lastKnownFileType = image.png; path = smile_icon.png; sourceTree = "<group>"; };
		C79EF6F618A66D8B00AA1BDE /* QuartzCore.framework */ = {isa = PBXFileReference; lastKnownFileType = wrapper.framework; name = QuartzCore.framework; path = System/Library/Frameworks/QuartzCore.framework; sourceTree = SDKROOT; };
		C79EF6F918A66DCF00AA1BDE /* MarqueeLabel.h */ = {isa = PBXFileReference; fileEncoding = 4; lastKnownFileType = sourcecode.c.h; name = MarqueeLabel.h; path = UserInterface/lib/MarqueeLabel.h; sourceTree = "<group>"; };
		C79EF6FA18A66DCF00AA1BDE /* MarqueeLabel.m */ = {isa = PBXFileReference; fileEncoding = 4; lastKnownFileType = sourcecode.c.objc; name = MarqueeLabel.m; path = UserInterface/lib/MarqueeLabel.m; sourceTree = "<group>"; };
		C79EF6FC18A67D2400AA1BDE /* FilteredImageView.h */ = {isa = PBXFileReference; fileEncoding = 4; lastKnownFileType = sourcecode.c.h; name = FilteredImageView.h; path = UserInterface/FilteredImageView.h; sourceTree = "<group>"; };
		C79EF6FD18A67D2400AA1BDE /* FilteredImageView.m */ = {isa = PBXFileReference; fileEncoding = 4; lastKnownFileType = sourcecode.c.objc; name = FilteredImageView.m; path = UserInterface/FilteredImageView.m; sourceTree = "<group>"; };
		C7CF286A18A1E4790053DB9C /* Button.h */ = {isa = PBXFileReference; fileEncoding = 4; lastKnownFileType = sourcecode.c.h; name = Button.h; path = UserInterface/Button.h; sourceTree = "<group>"; };
		C7CF286B18A1E4790053DB9C /* Button.m */ = {isa = PBXFileReference; fileEncoding = 4; lastKnownFileType = sourcecode.c.objc; name = Button.m; path = UserInterface/Button.m; sourceTree = "<group>"; };
		C7CF286E18A1E5ED0053DB9C /* EpisodeViewController.h */ = {isa = PBXFileReference; fileEncoding = 4; lastKnownFileType = sourcecode.c.h; name = EpisodeViewController.h; path = UserInterface/EpisodeViewController.h; sourceTree = "<group>"; };
		C7CF286F18A1E5ED0053DB9C /* EpisodeViewController.m */ = {isa = PBXFileReference; fileEncoding = 4; lastKnownFileType = sourcecode.c.objc; name = EpisodeViewController.m; path = UserInterface/EpisodeViewController.m; sourceTree = "<group>"; };
		C7CF287018A1E5ED0053DB9C /* EpisodeViewController.xib */ = {isa = PBXFileReference; fileEncoding = 4; lastKnownFileType = file.xib; name = EpisodeViewController.xib; path = UserInterface/EpisodeViewController.xib; sourceTree = "<group>"; };
		C7CF287318A1E73A0053DB9C /* HomePageViewController.h */ = {isa = PBXFileReference; fileEncoding = 4; lastKnownFileType = sourcecode.c.h; name = HomePageViewController.h; path = UserInterface/HomePageViewController.h; sourceTree = "<group>"; };
		C7CF287418A1E73A0053DB9C /* HomePageViewController.m */ = {isa = PBXFileReference; fileEncoding = 4; lastKnownFileType = sourcecode.c.objc; name = HomePageViewController.m; path = UserInterface/HomePageViewController.m; sourceTree = "<group>"; };
		C7CF287B18A1F3400053DB9C /* PageExample.png */ = {isa = PBXFileReference; lastKnownFileType = image.png; path = PageExample.png; sourceTree = "<group>"; };
/* End PBXFileReference section */

/* Begin PBXFrameworksBuildPhase section */
		C7371F3418A1DFEE007FB490 /* Frameworks */ = {
			isa = PBXFrameworksBuildPhase;
			buildActionMask = 2147483647;
			files = (
				C79EF6F718A66D8B00AA1BDE /* QuartzCore.framework in Frameworks */,
				C7371F3D18A1DFEE007FB490 /* CoreGraphics.framework in Frameworks */,
				C7371F3F18A1DFEE007FB490 /* UIKit.framework in Frameworks */,
				C7371F3B18A1DFEE007FB490 /* Foundation.framework in Frameworks */,
			);
			runOnlyForDeploymentPostprocessing = 0;
		};
		C7371F5518A1DFEE007FB490 /* Frameworks */ = {
			isa = PBXFrameworksBuildPhase;
			buildActionMask = 2147483647;
			files = (
				C7371F5A18A1DFEE007FB490 /* XCTest.framework in Frameworks */,
				C7371F5C18A1DFEE007FB490 /* UIKit.framework in Frameworks */,
				C7371F5B18A1DFEE007FB490 /* Foundation.framework in Frameworks */,
			);
			runOnlyForDeploymentPostprocessing = 0;
		};
/* End PBXFrameworksBuildPhase section */

/* Begin PBXGroup section */
		C7371F2E18A1DFEE007FB490 = {
			isa = PBXGroup;
			children = (
				C7371F4018A1DFEE007FB490 /* YapZap */,
				C7371F5F18A1DFEE007FB490 /* YapZapTests */,
				C7371F3918A1DFEE007FB490 /* Frameworks */,
				C7371F3818A1DFEE007FB490 /* Products */,
			);
			sourceTree = "<group>";
		};
		C7371F3818A1DFEE007FB490 /* Products */ = {
			isa = PBXGroup;
			children = (
				C7371F3718A1DFEE007FB490 /* YapZap.app */,
				C7371F5818A1DFEE007FB490 /* YapZapTests.xctest */,
			);
			name = Products;
			sourceTree = "<group>";
		};
		C7371F3918A1DFEE007FB490 /* Frameworks */ = {
			isa = PBXGroup;
			children = (
				C79EF6F618A66D8B00AA1BDE /* QuartzCore.framework */,
				C7371F3A18A1DFEE007FB490 /* Foundation.framework */,
				C7371F3C18A1DFEE007FB490 /* CoreGraphics.framework */,
				C7371F3E18A1DFEE007FB490 /* UIKit.framework */,
				C7371F5918A1DFEE007FB490 /* XCTest.framework */,
			);
			name = Frameworks;
			sourceTree = "<group>";
		};
		C7371F4018A1DFEE007FB490 /* YapZap */ = {
			isa = PBXGroup;
			children = (
				C7CF287618A1F0F90053DB9C /* Images */,
				C7CF286D18A1E4910053DB9C /* Communication */,
				C7371F7018A1E2B2007FB490 /* CoreData */,
				C7371F6F18A1E29B007FB490 /* UserInterface */,
				C7371F4918A1DFEE007FB490 /* AppDelegate.h */,
				C7371F4A18A1DFEE007FB490 /* AppDelegate.m */,
				C7371F4C18A1DFEE007FB490 /* Main.storyboard */,
				C7371F4F18A1DFEE007FB490 /* ViewController.h */,
				C7371F5018A1DFEE007FB490 /* ViewController.m */,
				C7371F5218A1DFEE007FB490 /* Images.xcassets */,
				C7371F4118A1DFEE007FB490 /* Supporting Files */,
			);
			path = YapZap;
			sourceTree = "<group>";
		};
		C7371F4118A1DFEE007FB490 /* Supporting Files */ = {
			isa = PBXGroup;
			children = (
				C7371F4218A1DFEE007FB490 /* YapZap-Info.plist */,
				C7371F4318A1DFEE007FB490 /* InfoPlist.strings */,
				C7371F4618A1DFEE007FB490 /* main.m */,
				C7371F4818A1DFEE007FB490 /* YapZap-Prefix.pch */,
			);
			name = "Supporting Files";
			sourceTree = "<group>";
		};
		C7371F5F18A1DFEE007FB490 /* YapZapTests */ = {
			isa = PBXGroup;
			children = (
				C7371F6518A1DFEE007FB490 /* YapZapTests.m */,
				C7371F6018A1DFEE007FB490 /* Supporting Files */,
			);
			path = YapZapTests;
			sourceTree = "<group>";
		};
		C7371F6018A1DFEE007FB490 /* Supporting Files */ = {
			isa = PBXGroup;
			children = (
				C7371F6118A1DFEE007FB490 /* YapZapTests-Info.plist */,
				C7371F6218A1DFEE007FB490 /* InfoPlist.strings */,
			);
			name = "Supporting Files";
			sourceTree = "<group>";
		};
		C7371F6F18A1E29B007FB490 /* UserInterface */ = {
			isa = PBXGroup;
			children = (
				C79EF6F818A66DA600AA1BDE /* lib */,
				C7371F7118A1E316007FB490 /* MainBackgroundView.h */,
				C7371F7218A1E316007FB490 /* MainBackgroundView.m */,
				C7CF286A18A1E4790053DB9C /* Button.h */,
				C7CF286B18A1E4790053DB9C /* Button.m */,
				C7CF286E18A1E5ED0053DB9C /* EpisodeViewController.h */,
				C7CF286F18A1E5ED0053DB9C /* EpisodeViewController.m */,
				C7CF287018A1E5ED0053DB9C /* EpisodeViewController.xib */,
				C7CF287318A1E73A0053DB9C /* HomePageViewController.h */,
				C7CF287418A1E73A0053DB9C /* HomePageViewController.m */,
				C79EF6D818A6591100AA1BDE /* TagTableViewController.h */,
				C79EF6D918A6591100AA1BDE /* TagTableViewController.m */,
				C79EF6DA18A6591100AA1BDE /* TagTableViewController.xib */,
				C79EF6DF18A65E5B00AA1BDE /* TagTableViewCell.xib */,
				C79EF6E118A65F0700AA1BDE /* TagTableViewCell.h */,
				C79EF6E218A65F0700AA1BDE /* TagTableViewCell.m */,
				C79EF6FC18A67D2400AA1BDE /* FilteredImageView.h */,
				C79EF6FD18A67D2400AA1BDE /* FilteredImageView.m */,
			);
			name = UserInterface;
			sourceTree = "<group>";
		};
		C7371F7018A1E2B2007FB490 /* CoreData */ = {
			isa = PBXGroup;
			children = (
			);
			name = CoreData;
			sourceTree = "<group>";
		};
		C79EF6F818A66DA600AA1BDE /* lib */ = {
			isa = PBXGroup;
			children = (
				C79EF6F918A66DCF00AA1BDE /* MarqueeLabel.h */,
				C79EF6FA18A66DCF00AA1BDE /* MarqueeLabel.m */,
			);
			name = lib;
			sourceTree = "<group>";
		};
		C7CF286D18A1E4910053DB9C /* Communication */ = {
			isa = PBXGroup;
			children = (
			);
			name = Communication;
			sourceTree = "<group>";
		};
		C7CF287618A1F0F90053DB9C /* Images */ = {
			isa = PBXGroup;
			children = (
				C79EF6E418A6648B00AA1BDE /* back_icon.png */,
				C79EF6E518A6648B00AA1BDE /* background.png */,
				C79EF6E618A6648B00AA1BDE /* circle_icon.png */,
				C79EF6E718A6648B00AA1BDE /* help_icon.png */,
				C79EF6E818A6648B00AA1BDE /* play_icon.png */,
				C79EF6E918A6648B00AA1BDE /* sample_waveform.png */,
				C79EF6EA18A6648B00AA1BDE /* search_icon.png */,
				C79EF6EB18A6648B00AA1BDE /* sharing_icon.png */,
				C79EF6EC18A6648B00AA1BDE /* smile_icon.png */,
				C79EF6DD18A65DE300AA1BDE /* pup.jpg */,
				C75D50CA18A1F3FB00E3D878 /* Mock.png */,
				C7CF287B18A1F3400053DB9C /* PageExample.png */,
			);
			name = Images;
			sourceTree = "<group>";
		};
/* End PBXGroup section */

/* Begin PBXNativeTarget section */
		C7371F3618A1DFEE007FB490 /* YapZap */ = {
			isa = PBXNativeTarget;
			buildConfigurationList = C7371F6918A1DFEE007FB490 /* Build configuration list for PBXNativeTarget "YapZap" */;
			buildPhases = (
				C7371F3318A1DFEE007FB490 /* Sources */,
				C7371F3418A1DFEE007FB490 /* Frameworks */,
				C7371F3518A1DFEE007FB490 /* Resources */,
			);
			buildRules = (
			);
			dependencies = (
			);
			name = YapZap;
			productName = YapZap;
			productReference = C7371F3718A1DFEE007FB490 /* YapZap.app */;
			productType = "com.apple.product-type.application";
		};
		C7371F5718A1DFEE007FB490 /* YapZapTests */ = {
			isa = PBXNativeTarget;
			buildConfigurationList = C7371F6C18A1DFEE007FB490 /* Build configuration list for PBXNativeTarget "YapZapTests" */;
			buildPhases = (
				C7371F5418A1DFEE007FB490 /* Sources */,
				C7371F5518A1DFEE007FB490 /* Frameworks */,
				C7371F5618A1DFEE007FB490 /* Resources */,
			);
			buildRules = (
			);
			dependencies = (
				C7371F5E18A1DFEE007FB490 /* PBXTargetDependency */,
			);
			name = YapZapTests;
			productName = YapZapTests;
			productReference = C7371F5818A1DFEE007FB490 /* YapZapTests.xctest */;
			productType = "com.apple.product-type.bundle.unit-test";
		};
/* End PBXNativeTarget section */

/* Begin PBXProject section */
		C7371F2F18A1DFEE007FB490 /* Project object */ = {
			isa = PBXProject;
			attributes = {
				LastUpgradeCheck = 0500;
				ORGANIZATIONNAME = YapZap;
				TargetAttributes = {
					C7371F3618A1DFEE007FB490 = {
						DevelopmentTeam = 2Q9G639EK3;
					};
					C7371F5718A1DFEE007FB490 = {
						TestTargetID = C7371F3618A1DFEE007FB490;
					};
				};
			};
			buildConfigurationList = C7371F3218A1DFEE007FB490 /* Build configuration list for PBXProject "YapZap" */;
			compatibilityVersion = "Xcode 3.2";
			developmentRegion = English;
			hasScannedForEncodings = 0;
			knownRegions = (
				en,
				Base,
			);
			mainGroup = C7371F2E18A1DFEE007FB490;
			productRefGroup = C7371F3818A1DFEE007FB490 /* Products */;
			projectDirPath = "";
			projectRoot = "";
			targets = (
				C7371F3618A1DFEE007FB490 /* YapZap */,
				C7371F5718A1DFEE007FB490 /* YapZapTests */,
			);
		};
/* End PBXProject section */

/* Begin PBXResourcesBuildPhase section */
		C7371F3518A1DFEE007FB490 /* Resources */ = {
			isa = PBXResourcesBuildPhase;
			buildActionMask = 2147483647;
			files = (
				C79EF6F418A6648B00AA1BDE /* sharing_icon.png in Resources */,
				C79EF6F318A6648B00AA1BDE /* search_icon.png in Resources */,
				C79EF6EF18A6648B00AA1BDE /* circle_icon.png in Resources */,
				C79EF6E018A65E5B00AA1BDE /* TagTableViewCell.xib in Resources */,
				C7371F5318A1DFEE007FB490 /* Images.xcassets in Resources */,
				C7371F4518A1DFEE007FB490 /* InfoPlist.strings in Resources */,
				C7CF287C18A1F3400053DB9C /* PageExample.png in Resources */,
				C79EF6F518A6648B00AA1BDE /* smile_icon.png in Resources */,
				C79EF6DE18A65DE300AA1BDE /* pup.jpg in Resources */,
				C79EF6F218A6648B00AA1BDE /* sample_waveform.png in Resources */,
				C75D50CB18A1F3FB00E3D878 /* Mock.png in Resources */,
				C79EF6F018A6648B00AA1BDE /* help_icon.png in Resources */,
				C79EF6F118A6648B00AA1BDE /* play_icon.png in Resources */,
				C7371F4E18A1DFEE007FB490 /* Main.storyboard in Resources */,
				C79EF6DC18A6591100AA1BDE /* TagTableViewController.xib in Resources */,
				C7CF287218A1E5ED0053DB9C /* EpisodeViewController.xib in Resources */,
				C79EF6EE18A6648B00AA1BDE /* background.png in Resources */,
				C79EF6ED18A6648B00AA1BDE /* back_icon.png in Resources */,
			);
			runOnlyForDeploymentPostprocessing = 0;
		};
		C7371F5618A1DFEE007FB490 /* Resources */ = {
			isa = PBXResourcesBuildPhase;
			buildActionMask = 2147483647;
			files = (
				C7371F6418A1DFEE007FB490 /* InfoPlist.strings in Resources */,
			);
			runOnlyForDeploymentPostprocessing = 0;
		};
/* End PBXResourcesBuildPhase section */

/* Begin PBXSourcesBuildPhase section */
		C7371F3318A1DFEE007FB490 /* Sources */ = {
			isa = PBXSourcesBuildPhase;
			buildActionMask = 2147483647;
			files = (
				C79EF6FE18A67D2400AA1BDE /* FilteredImageView.m in Sources */,
				C7371F5118A1DFEE007FB490 /* ViewController.m in Sources */,
				C7371F4B18A1DFEE007FB490 /* AppDelegate.m in Sources */,
				C7CF286C18A1E4790053DB9C /* Button.m in Sources */,
				C7371F4718A1DFEE007FB490 /* main.m in Sources */,
				C7CF287518A1E73A0053DB9C /* HomePageViewController.m in Sources */,
				C79EF6FB18A66DCF00AA1BDE /* MarqueeLabel.m in Sources */,
				C79EF6E318A65F0700AA1BDE /* TagTableViewCell.m in Sources */,
				C7371F7318A1E316007FB490 /* MainBackgroundView.m in Sources */,
				C79EF6DB18A6591100AA1BDE /* TagTableViewController.m in Sources */,
				C7CF287118A1E5ED0053DB9C /* EpisodeViewController.m in Sources */,
			);
			runOnlyForDeploymentPostprocessing = 0;
		};
		C7371F5418A1DFEE007FB490 /* Sources */ = {
			isa = PBXSourcesBuildPhase;
			buildActionMask = 2147483647;
			files = (
				C7371F6618A1DFEE007FB490 /* YapZapTests.m in Sources */,
			);
			runOnlyForDeploymentPostprocessing = 0;
		};
/* End PBXSourcesBuildPhase section */

/* Begin PBXTargetDependency section */
		C7371F5E18A1DFEE007FB490 /* PBXTargetDependency */ = {
			isa = PBXTargetDependency;
			target = C7371F3618A1DFEE007FB490 /* YapZap */;
			targetProxy = C7371F5D18A1DFEE007FB490 /* PBXContainerItemProxy */;
		};
/* End PBXTargetDependency section */

/* Begin PBXVariantGroup section */
		C7371F4318A1DFEE007FB490 /* InfoPlist.strings */ = {
			isa = PBXVariantGroup;
			children = (
				C7371F4418A1DFEE007FB490 /* en */,
			);
			name = InfoPlist.strings;
			sourceTree = "<group>";
		};
		C7371F4C18A1DFEE007FB490 /* Main.storyboard */ = {
			isa = PBXVariantGroup;
			children = (
				C7371F4D18A1DFEE007FB490 /* Base */,
			);
			name = Main.storyboard;
			sourceTree = "<group>";
		};
		C7371F6218A1DFEE007FB490 /* InfoPlist.strings */ = {
			isa = PBXVariantGroup;
			children = (
				C7371F6318A1DFEE007FB490 /* en */,
			);
			name = InfoPlist.strings;
			sourceTree = "<group>";
		};
/* End PBXVariantGroup section */

/* Begin XCBuildConfiguration section */
		C7371F6718A1DFEE007FB490 /* Debug */ = {
			isa = XCBuildConfiguration;
			buildSettings = {
				ALWAYS_SEARCH_USER_PATHS = NO;
				ARCHS = "$(ARCHS_STANDARD_INCLUDING_64_BIT)";
				CLANG_CXX_LANGUAGE_STANDARD = "gnu++0x";
				CLANG_CXX_LIBRARY = "libc++";
				CLANG_ENABLE_MODULES = YES;
				CLANG_ENABLE_OBJC_ARC = YES;
				CLANG_WARN_BOOL_CONVERSION = YES;
				CLANG_WARN_CONSTANT_CONVERSION = YES;
				CLANG_WARN_DIRECT_OBJC_ISA_USAGE = YES_ERROR;
				CLANG_WARN_EMPTY_BODY = YES;
				CLANG_WARN_ENUM_CONVERSION = YES;
				CLANG_WARN_INT_CONVERSION = YES;
				CLANG_WARN_OBJC_ROOT_CLASS = YES_ERROR;
				CLANG_WARN__DUPLICATE_METHOD_MATCH = YES;
				"CODE_SIGN_IDENTITY[sdk=iphoneos*]" = "iPhone Developer";
				COPY_PHASE_STRIP = NO;
				GCC_C_LANGUAGE_STANDARD = gnu99;
				GCC_DYNAMIC_NO_PIC = NO;
				GCC_OPTIMIZATION_LEVEL = 0;
				GCC_PREPROCESSOR_DEFINITIONS = (
					"DEBUG=1",
					"$(inherited)",
				);
				GCC_SYMBOLS_PRIVATE_EXTERN = NO;
				GCC_WARN_64_TO_32_BIT_CONVERSION = YES;
				GCC_WARN_ABOUT_RETURN_TYPE = YES_ERROR;
				GCC_WARN_UNDECLARED_SELECTOR = YES;
				GCC_WARN_UNINITIALIZED_AUTOS = YES;
				GCC_WARN_UNUSED_FUNCTION = YES;
				GCC_WARN_UNUSED_VARIABLE = YES;
				IPHONEOS_DEPLOYMENT_TARGET = 6.0;
				ONLY_ACTIVE_ARCH = YES;
				SDKROOT = iphoneos;
			};
			name = Debug;
		};
		C7371F6818A1DFEE007FB490 /* Release */ = {
			isa = XCBuildConfiguration;
			buildSettings = {
				ALWAYS_SEARCH_USER_PATHS = NO;
				ARCHS = "$(ARCHS_STANDARD_INCLUDING_64_BIT)";
				CLANG_CXX_LANGUAGE_STANDARD = "gnu++0x";
				CLANG_CXX_LIBRARY = "libc++";
				CLANG_ENABLE_MODULES = YES;
				CLANG_ENABLE_OBJC_ARC = YES;
				CLANG_WARN_BOOL_CONVERSION = YES;
				CLANG_WARN_CONSTANT_CONVERSION = YES;
				CLANG_WARN_DIRECT_OBJC_ISA_USAGE = YES_ERROR;
				CLANG_WARN_EMPTY_BODY = YES;
				CLANG_WARN_ENUM_CONVERSION = YES;
				CLANG_WARN_INT_CONVERSION = YES;
				CLANG_WARN_OBJC_ROOT_CLASS = YES_ERROR;
				CLANG_WARN__DUPLICATE_METHOD_MATCH = YES;
				"CODE_SIGN_IDENTITY[sdk=iphoneos*]" = "iPhone Developer";
				COPY_PHASE_STRIP = YES;
				ENABLE_NS_ASSERTIONS = NO;
				GCC_C_LANGUAGE_STANDARD = gnu99;
				GCC_WARN_64_TO_32_BIT_CONVERSION = YES;
				GCC_WARN_ABOUT_RETURN_TYPE = YES_ERROR;
				GCC_WARN_UNDECLARED_SELECTOR = YES;
				GCC_WARN_UNINITIALIZED_AUTOS = YES;
				GCC_WARN_UNUSED_FUNCTION = YES;
				GCC_WARN_UNUSED_VARIABLE = YES;
				IPHONEOS_DEPLOYMENT_TARGET = 6.0;
				SDKROOT = iphoneos;
				VALIDATE_PRODUCT = YES;
			};
			name = Release;
		};
		C7371F6A18A1DFEE007FB490 /* Debug */ = {
			isa = XCBuildConfiguration;
			buildSettings = {
				ASSETCATALOG_COMPILER_APPICON_NAME = AppIcon;
				ASSETCATALOG_COMPILER_LAUNCHIMAGE_NAME = LaunchImage;
				CODE_SIGN_IDENTITY = "iPhone Developer";
				"CODE_SIGN_IDENTITY[sdk=iphoneos*]" = "iPhone Developer";
				GCC_PRECOMPILE_PREFIX_HEADER = YES;
				GCC_PREFIX_HEADER = "YapZap/YapZap-Prefix.pch";
				INFOPLIST_FILE = "YapZap/YapZap-Info.plist";
				IPHONEOS_DEPLOYMENT_TARGET = 6.0;
				PRODUCT_NAME = "$(TARGET_NAME)";
				PROVISIONING_PROFILE = "";
				WRAPPER_EXTENSION = app;
			};
			name = Debug;
		};
		C7371F6B18A1DFEE007FB490 /* Release */ = {
			isa = XCBuildConfiguration;
			buildSettings = {
				ASSETCATALOG_COMPILER_APPICON_NAME = AppIcon;
				ASSETCATALOG_COMPILER_LAUNCHIMAGE_NAME = LaunchImage;
				CODE_SIGN_IDENTITY = "iPhone Developer";
				"CODE_SIGN_IDENTITY[sdk=iphoneos*]" = "iPhone Developer";
				GCC_PRECOMPILE_PREFIX_HEADER = YES;
				GCC_PREFIX_HEADER = "YapZap/YapZap-Prefix.pch";
				INFOPLIST_FILE = "YapZap/YapZap-Info.plist";
				IPHONEOS_DEPLOYMENT_TARGET = 6.0;
				PRODUCT_NAME = "$(TARGET_NAME)";
				PROVISIONING_PROFILE = "";
				WRAPPER_EXTENSION = app;
			};
			name = Release;
		};
		C7371F6D18A1DFEE007FB490 /* Debug */ = {
			isa = XCBuildConfiguration;
			buildSettings = {
				ARCHS = "$(ARCHS_STANDARD_INCLUDING_64_BIT)";
				BUNDLE_LOADER = "$(BUILT_PRODUCTS_DIR)/YapZap.app/YapZap";
				CODE_SIGN_IDENTITY = "iPhone Developer";
				FRAMEWORK_SEARCH_PATHS = (
					"$(SDKROOT)/Developer/Library/Frameworks",
					"$(inherited)",
					"$(DEVELOPER_FRAMEWORKS_DIR)",
				);
				GCC_PRECOMPILE_PREFIX_HEADER = YES;
				GCC_PREFIX_HEADER = "YapZap/YapZap-Prefix.pch";
				GCC_PREPROCESSOR_DEFINITIONS = (
					"DEBUG=1",
					"$(inherited)",
				);
				INFOPLIST_FILE = "YapZapTests/YapZapTests-Info.plist";
				PRODUCT_NAME = "$(TARGET_NAME)";
				TEST_HOST = "$(BUNDLE_LOADER)";
				WRAPPER_EXTENSION = xctest;
			};
			name = Debug;
		};
		C7371F6E18A1DFEE007FB490 /* Release */ = {
			isa = XCBuildConfiguration;
			buildSettings = {
				ARCHS = "$(ARCHS_STANDARD_INCLUDING_64_BIT)";
				BUNDLE_LOADER = "$(BUILT_PRODUCTS_DIR)/YapZap.app/YapZap";
				FRAMEWORK_SEARCH_PATHS = (
					"$(SDKROOT)/Developer/Library/Frameworks",
					"$(inherited)",
					"$(DEVELOPER_FRAMEWORKS_DIR)",
				);
				GCC_PRECOMPILE_PREFIX_HEADER = YES;
				GCC_PREFIX_HEADER = "YapZap/YapZap-Prefix.pch";
				INFOPLIST_FILE = "YapZapTests/YapZapTests-Info.plist";
				PRODUCT_NAME = "$(TARGET_NAME)";
				TEST_HOST = "$(BUNDLE_LOADER)";
				WRAPPER_EXTENSION = xctest;
			};
			name = Release;
		};
/* End XCBuildConfiguration section */

/* Begin XCConfigurationList section */
		C7371F3218A1DFEE007FB490 /* Build configuration list for PBXProject "YapZap" */ = {
			isa = XCConfigurationList;
			buildConfigurations = (
				C7371F6718A1DFEE007FB490 /* Debug */,
				C7371F6818A1DFEE007FB490 /* Release */,
			);
			defaultConfigurationIsVisible = 0;
			defaultConfigurationName = Release;
		};
		C7371F6918A1DFEE007FB490 /* Build configuration list for PBXNativeTarget "YapZap" */ = {
			isa = XCConfigurationList;
			buildConfigurations = (
				C7371F6A18A1DFEE007FB490 /* Debug */,
				C7371F6B18A1DFEE007FB490 /* Release */,
			);
			defaultConfigurationIsVisible = 0;
			defaultConfigurationName = Release;
		};
		C7371F6C18A1DFEE007FB490 /* Build configuration list for PBXNativeTarget "YapZapTests" */ = {
			isa = XCConfigurationList;
			buildConfigurations = (
				C7371F6D18A1DFEE007FB490 /* Debug */,
				C7371F6E18A1DFEE007FB490 /* Release */,
			);
			defaultConfigurationIsVisible = 0;
			defaultConfigurationName = Release;
		};
/* End XCConfigurationList section */
	};
	rootObject = C7371F2F18A1DFEE007FB490 /* Project object */;
}
